
Microsoft Visual Studio Solution File, Format Version 12.00
# Visual Studio Version 17
VisualStudioVersion = 17.14.36915.13 d17.14
MinimumVisualStudioVersion = 10.0.40219.1
Project("{FAE04EC0-301F-11D3-BF4B-00C04F79EFBC}") = "Seminar2_1061", "Seminar2_1061\Seminar2_1061.csproj", "{8166374E-0376-432D-9111-98E3952644E2}"
EndProject
Global
	GlobalSection(SolutionConfigurationPlatforms) = preSolution
		Debug|Any CPU = Debug|Any CPU
		Release|Any CPU = Release|Any CPU
	EndGlobalSection
	GlobalSection(ProjectConfigurationPlatforms) = postSolution
		{8166374E-0376-432D-9111-98E3952644E2}.Debug|Any CPU.ActiveCfg = Debug|Any CPU
		{8166374E-0376-432D-9111-98E3952644E2}.Debug|Any CPU.Build.0 = Debug|Any CPU
		{8166374E-0376-432D-9111-98E3952644E2}.Release|Any CPU.ActiveCfg = Release|Any CPU
		{8166374E-0376-432D-9111-98E3952644E2}.Release|Any CPU.Build.0 = Release|Any CPU
	EndGlobalSection
	GlobalSection(SolutionProperties) = preSolution
		HideSolutionNode = FALSE
	EndGlobalSection
	GlobalSection(ExtensibilityGlobals) = postSolution
		SolutionGuid = {02DDFBED-1BDD-454A-9923-30CF186BE3A9}
	EndGlobalSection
EndGlobal
