
Microsoft Visual Studio Solution File, Format Version 12.00
# Visual Studio Version 17
VisualStudioVersion = 17.14.37203.1 d17.14
MinimumVisualStudioVersion = 10.0.40219.1
Project("{FAE04EC0-301F-11D3-BF4B-00C04F79EFBC}") = "legare", "legare\legare.csproj", "{1272E365-0363-4327-BD1C-5B5A5FC99E59}"
EndProject
Global
	GlobalSection(SolutionConfigurationPlatforms) = preSolution
		Debug|Any CPU = Debug|Any CPU
		Release|Any CPU = Release|Any CPU
	EndGlobalSection
	GlobalSection(ProjectConfigurationPlatforms) = postSolution
		{1272E365-0363-4327-BD1C-5B5A5FC99E59}.Debug|Any CPU.ActiveCfg = Debug|Any CPU
		{1272E365-0363-4327-BD1C-5B5A5FC99E59}.Debug|Any CPU.Build.0 = Debug|Any CPU
		{1272E365-0363-4327-BD1C-5B5A5FC99E59}.Release|Any CPU.ActiveCfg = Release|Any CPU
		{1272E365-0363-4327-BD1C-5B5A5FC99E59}.Release|Any CPU.Build.0 = Release|Any CPU
	EndGlobalSection
	GlobalSection(SolutionProperties) = preSolution
		HideSolutionNode = FALSE
	EndGlobalSection
	GlobalSection(ExtensibilityGlobals) = postSolution
		SolutionGuid = {88EB5D25-10D8-4778-870A-DA520B00924A}
	EndGlobalSection
EndGlobal
