
Microsoft Visual Studio Solution File, Format Version 12.00
# Visual Studio Version 17
VisualStudioVersion = 17.14.36518.9 d17.14
MinimumVisualStudioVersion = 10.0.40219.1
Project("{FAE04EC0-301F-11D3-BF4B-00C04F79EFBC}") = "1060_Seminar12_DB", "1060_Seminar12_DB.csproj", "{6488CAEE-2536-41DD-BF72-251B98F55E52}"
EndProject
Global
	GlobalSection(SolutionConfigurationPlatforms) = preSolution
		Debug|Any CPU = Debug|Any CPU
		Release|Any CPU = Release|Any CPU
	EndGlobalSection
	GlobalSection(ProjectConfigurationPlatforms) = postSolution
		{6488CAEE-2536-41DD-BF72-251B98F55E52}.Debug|Any CPU.ActiveCfg = Debug|Any CPU
		{6488CAEE-2536-41DD-BF72-251B98F55E52}.Debug|Any CPU.Build.0 = Debug|Any CPU
		{6488CAEE-2536-41DD-BF72-251B98F55E52}.Release|Any CPU.ActiveCfg = Release|Any CPU
		{6488CAEE-2536-41DD-BF72-251B98F55E52}.Release|Any CPU.Build.0 = Release|Any CPU
	EndGlobalSection
	GlobalSection(SolutionProperties) = preSolution
		HideSolutionNode = FALSE
	EndGlobalSection
	GlobalSection(ExtensibilityGlobals) = postSolution
		SolutionGuid = {38F086A5-601E-4BA1-9A9D-385F28043E67}
	EndGlobalSection
EndGlobal
