
Microsoft Visual Studio Solution File, Format Version 12.00
# Visual Studio Version 16
VisualStudioVersion = 16.0.35229.62
MinimumVisualStudioVersion = 10.0.40219.1
Project("{FAE04EC0-301F-11D3-BF4B-00C04F79EFBC}") = "drag_drop_app", "drag_drop_app\drag_drop_app.csproj", "{E37E202A-1BA0-443E-A796-EE0C30F7ED3E}"
EndProject
Global
	GlobalSection(SolutionConfigurationPlatforms) = preSolution
		Debug|Any CPU = Debug|Any CPU
		Release|Any CPU = Release|Any CPU
	EndGlobalSection
	GlobalSection(ProjectConfigurationPlatforms) = postSolution
		{E37E202A-1BA0-443E-A796-EE0C30F7ED3E}.Debug|Any CPU.ActiveCfg = Debug|Any CPU
		{E37E202A-1BA0-443E-A796-EE0C30F7ED3E}.Debug|Any CPU.Build.0 = Debug|Any CPU
		{E37E202A-1BA0-443E-A796-EE0C30F7ED3E}.Release|Any CPU.ActiveCfg = Release|Any CPU
		{E37E202A-1BA0-443E-A796-EE0C30F7ED3E}.Release|Any CPU.Build.0 = Release|Any CPU
	EndGlobalSection
	GlobalSection(SolutionProperties) = preSolution
		HideSolutionNode = FALSE
	EndGlobalSection
	GlobalSection(ExtensibilityGlobals) = postSolution
		SolutionGuid = {EE562B7A-ED0E-4DEF-8949-3F85E37A15A7}
	EndGlobalSection
EndGlobal
