
Microsoft Visual Studio Solution File, Format Version 12.00
# Visual Studio Version 17
VisualStudioVersion = 17.14.37216.2 d17.14
MinimumVisualStudioVersion = 10.0.40219.1
Project("{FAE04EC0-301F-11D3-BF4B-00C04F79EFBC}") = "demo_db_cms", "demo_db_cms\demo_db_cms.csproj", "{53D76E72-BE29-4325-9D78-276139035CD1}"
EndProject
Global
	GlobalSection(SolutionConfigurationPlatforms) = preSolution
		Debug|Any CPU = Debug|Any CPU
		Release|Any CPU = Release|Any CPU
	EndGlobalSection
	GlobalSection(ProjectConfigurationPlatforms) = postSolution
		{53D76E72-BE29-4325-9D78-276139035CD1}.Debug|Any CPU.ActiveCfg = Debug|Any CPU
		{53D76E72-BE29-4325-9D78-276139035CD1}.Debug|Any CPU.Build.0 = Debug|Any CPU
		{53D76E72-BE29-4325-9D78-276139035CD1}.Release|Any CPU.ActiveCfg = Release|Any CPU
		{53D76E72-BE29-4325-9D78-276139035CD1}.Release|Any CPU.Build.0 = Release|Any CPU
	EndGlobalSection
	GlobalSection(SolutionProperties) = preSolution
		HideSolutionNode = FALSE
	EndGlobalSection
	GlobalSection(ExtensibilityGlobals) = postSolution
		SolutionGuid = {D9C5953F-5561-4752-A2BD-E66C26BFC272}
	EndGlobalSection
EndGlobal
