
Microsoft Visual Studio Solution File, Format Version 12.00
# Visual Studio Version 16
VisualStudioVersion = 16.0.35229.62
MinimumVisualStudioVersion = 10.0.40219.1
Project("{FAE04EC0-301F-11D3-BF4B-00C04F79EFBC}") = "out_clipb_app", "out_clipb_app\out_clipb_app.csproj", "{8BAAFF6D-C2AA-4AF0-BA93-67ABFB3330A9}"
EndProject
Global
	GlobalSection(SolutionConfigurationPlatforms) = preSolution
		Debug|Any CPU = Debug|Any CPU
		Release|Any CPU = Release|Any CPU
	EndGlobalSection
	GlobalSection(ProjectConfigurationPlatforms) = postSolution
		{8BAAFF6D-C2AA-4AF0-BA93-67ABFB3330A9}.Debug|Any CPU.ActiveCfg = Debug|Any CPU
		{8BAAFF6D-C2AA-4AF0-BA93-67ABFB3330A9}.Debug|Any CPU.Build.0 = Debug|Any CPU
		{8BAAFF6D-C2AA-4AF0-BA93-67ABFB3330A9}.Release|Any CPU.ActiveCfg = Release|Any CPU
		{8BAAFF6D-C2AA-4AF0-BA93-67ABFB3330A9}.Release|Any CPU.Build.0 = Release|Any CPU
	EndGlobalSection
	GlobalSection(SolutionProperties) = preSolution
		HideSolutionNode = FALSE
	EndGlobalSection
	GlobalSection(ExtensibilityGlobals) = postSolution
		SolutionGuid = {5704A190-E857-4500-B487-35E6D7203A1B}
	EndGlobalSection
EndGlobal
