
Microsoft Visual Studio Solution File, Format Version 12.00
# Visual Studio Version 17
VisualStudioVersion = 17.14.37301.10 d17.14
MinimumVisualStudioVersion = 10.0.40219.1
Project("{FAE04EC0-301F-11D3-BF4B-00C04F79EFBC}") = "Sub3", "Sub3.csproj", "{402D3070-A6F3-4382-9977-E6CB564D5FD6}"
EndProject
Global
	GlobalSection(SolutionConfigurationPlatforms) = preSolution
		Debug|Any CPU = Debug|Any CPU
		Release|Any CPU = Release|Any CPU
	EndGlobalSection
	GlobalSection(ProjectConfigurationPlatforms) = postSolution
		{402D3070-A6F3-4382-9977-E6CB564D5FD6}.Debug|Any CPU.ActiveCfg = Debug|Any CPU
		{402D3070-A6F3-4382-9977-E6CB564D5FD6}.Debug|Any CPU.Build.0 = Debug|Any CPU
		{402D3070-A6F3-4382-9977-E6CB564D5FD6}.Release|Any CPU.ActiveCfg = Release|Any CPU
		{402D3070-A6F3-4382-9977-E6CB564D5FD6}.Release|Any CPU.Build.0 = Release|Any CPU
	EndGlobalSection
	GlobalSection(SolutionProperties) = preSolution
		HideSolutionNode = FALSE
	EndGlobalSection
	GlobalSection(ExtensibilityGlobals) = postSolution
		SolutionGuid = {ABFA5CA8-5095-414F-B57C-232E40360218}
	EndGlobalSection
EndGlobal
