
Microsoft Visual Studio Solution File, Format Version 12.00
# Visual Studio Version 16
VisualStudioVersion = 16.0.35229.62
MinimumVisualStudioVersion = 10.0.40219.1
Project("{FAE04EC0-301F-11D3-BF4B-00C04F79EFBC}") = "Bar_gr", "Bar_gr\Bar_gr.csproj", "{970B98FC-65E0-44E8-B90E-925F79F16CEF}"
EndProject
Global
	GlobalSection(SolutionConfigurationPlatforms) = preSolution
		Debug|Any CPU = Debug|Any CPU
		Release|Any CPU = Release|Any CPU
	EndGlobalSection
	GlobalSection(ProjectConfigurationPlatforms) = postSolution
		{970B98FC-65E0-44E8-B90E-925F79F16CEF}.Debug|Any CPU.ActiveCfg = Debug|Any CPU
		{970B98FC-65E0-44E8-B90E-925F79F16CEF}.Debug|Any CPU.Build.0 = Debug|Any CPU
		{970B98FC-65E0-44E8-B90E-925F79F16CEF}.Release|Any CPU.ActiveCfg = Release|Any CPU
		{970B98FC-65E0-44E8-B90E-925F79F16CEF}.Release|Any CPU.Build.0 = Release|Any CPU
	EndGlobalSection
	GlobalSection(SolutionProperties) = preSolution
		HideSolutionNode = FALSE
	EndGlobalSection
	GlobalSection(ExtensibilityGlobals) = postSolution
		SolutionGuid = {BB35FA65-435D-4306-919B-9D1A7A870274}
	EndGlobalSection
EndGlobal
